
Microsoft Visual Studio Solution File, Format Version 12.00
# Visual Studio 15
Project("{FAE04EC0-301F-11D3-BF4B-00C04F79EFBC}") = "Assembly-CSharp", "Assembly-CSharp.csproj", "{86C191D0-E5AB-EEF1-70C1-A524F0F3D7BC}"
EndProject
Project("{FAE04EC0-301F-11D3-BF4B-00C04F79EFBC}") = "Assembly-CSharp-Editor", "Assembly-CSharp-Editor.csproj", "{F7D280A9-96D4-625E-966B-65CAE55D0C1E}"
EndProject
Global
	GlobalSection(SolutionConfigurationPlatforms) = preSolution
		Debug|Any CPU = Debug|Any CPU
		Release|Any CPU = Release|Any CPU
	EndGlobalSection
	GlobalSection(ProjectConfigurationPlatforms) = postSolution
		{86C191D0-E5AB-EEF1-70C1-A524F0F3D7BC}.Debug|Any CPU.ActiveCfg = Debug|Any CPU
		{86C191D0-E5AB-EEF1-70C1-A524F0F3D7BC}.Debug|Any CPU.Build.0 = Debug|Any CPU
		{86C191D0-E5AB-EEF1-70C1-A524F0F3D7BC}.Release|Any CPU.ActiveCfg = Release|Any CPU
		{86C191D0-E5AB-EEF1-70C1-A524F0F3D7BC}.Release|Any CPU.Build.0 = Release|Any CPU
		{F7D280A9-96D4-625E-966B-65CAE55D0C1E}.Debug|Any CPU.ActiveCfg = Debug|Any CPU
		{F7D280A9-96D4-625E-966B-65CAE55D0C1E}.Debug|Any CPU.Build.0 = Debug|Any CPU
		{F7D280A9-96D4-625E-966B-65CAE55D0C1E}.Release|Any CPU.ActiveCfg = Release|Any CPU
		{F7D280A9-96D4-625E-966B-65CAE55D0C1E}.Release|Any CPU.Build.0 = Release|Any CPU
	EndGlobalSection
	GlobalSection(SolutionProperties) = preSolution
		HideSolutionNode = FALSE
	EndGlobalSection
EndGlobal
